// !$*UTF8*$!
{
	archiveVersion = 1;
	classes = {
	};
	objectVersion = 50;
	objects = {

/* Begin PBXBuildFile section */
		180426492175E6E000154B0B /* Home_ExtrasVC.swift in Sources */ = {isa = PBXBuildFile; fileRef = 180426482175E6E000154B0B /* Home_ExtrasVC.swift */; };
		1804264C2175FD1100154B0B /* HowOftenModel.swift in Sources */ = {isa = PBXBuildFile; fileRef = 1804264B2175FD1100154B0B /* HowOftenModel.swift */; };
		180A2C4B21919AEA00FDDB44 /* ExtraModel.swift in Sources */ = {isa = PBXBuildFile; fileRef = 180A2C4A21919AEA00FDDB44 /* ExtraModel.swift */; };
		180C015521512564009DA3C1 /* tabBarViewController.swift in Sources */ = {isa = PBXBuildFile; fileRef = 180C015421512564009DA3C1 /* tabBarViewController.swift */; };
		180C0158215135FD009DA3C1 /* profiles.storyboard in Resources */ = {isa = PBXBuildFile; fileRef = 180C0157215135FD009DA3C1 /* profiles.storyboard */; };
		180C015A21513F74009DA3C1 /* ProfileMainViewController.swift in Sources */ = {isa = PBXBuildFile; fileRef = 180C015921513F74009DA3C1 /* ProfileMainViewController.swift */; };
		1815693621737C9800E1A108 /* RealmObject.swift in Sources */ = {isa = PBXBuildFile; fileRef = 1815693521737C9800E1A108 /* RealmObject.swift */; };
		181F23F72178A836001F31CF /* SPOngoing.storyboard in Resources */ = {isa = PBXBuildFile; fileRef = 181F23F62178A836001F31CF /* SPOngoing.storyboard */; };
		181F23F92178A84D001F31CF /* SPHistory.storyboard in Resources */ = {isa = PBXBuildFile; fileRef = 181F23F82178A84D001F31CF /* SPHistory.storyboard */; };
		181F23FB2178A85B001F31CF /* SPHome.storyboard in Resources */ = {isa = PBXBuildFile; fileRef = 181F23FA2178A85B001F31CF /* SPHome.storyboard */; };
		181F23FD2178A875001F31CF /* SPMessages.storyboard in Resources */ = {isa = PBXBuildFile; fileRef = 181F23FC2178A875001F31CF /* SPMessages.storyboard */; };
		181F23FF2178A8B6001F31CF /* SPSetting.storyboard in Resources */ = {isa = PBXBuildFile; fileRef = 181F23FE2178A8B6001F31CF /* SPSetting.storyboard */; };
		181F24022178ABC5001F31CF /* ServiceProvidertabBarVC.swift in Sources */ = {isa = PBXBuildFile; fileRef = 181F24012178ABC5001F31CF /* ServiceProvidertabBarVC.swift */; };
		1822E83021A2CE9500E3B617 /* notificationTVC.swift in Sources */ = {isa = PBXBuildFile; fileRef = 1822E82F21A2CE9500E3B617 /* notificationTVC.swift */; };
		1826E57721885616005B5CBA /* ServicesVC.swift in Sources */ = {isa = PBXBuildFile; fileRef = 1826E57621885616005B5CBA /* ServicesVC.swift */; };
		182C4662215E60B30041F123 /* CustomView.swift in Sources */ = {isa = PBXBuildFile; fileRef = 182C4661215E60B30041F123 /* CustomView.swift */; };
		182E648B215CCCB400A729D1 /* LocationAddTVC.swift in Sources */ = {isa = PBXBuildFile; fileRef = 182E648A215CCCB400A729D1 /* LocationAddTVC.swift */; };
		1832C5DD2153901700315A53 /* MapsViewController.swift in Sources */ = {isa = PBXBuildFile; fileRef = 1832C5DC2153901700315A53 /* MapsViewController.swift */; };
		18331F3C2152385F005A265B /* SettingCenterViewController.swift in Sources */ = {isa = PBXBuildFile; fileRef = 18331F3B2152385F005A265B /* SettingCenterViewController.swift */; };
		18331F3E215238B0005A265B /* ProfileSettingVC.swift in Sources */ = {isa = PBXBuildFile; fileRef = 18331F3D215238B0005A265B /* ProfileSettingVC.swift */; };
		18331F40215238C3005A265B /* PasswordSettingVC.swift in Sources */ = {isa = PBXBuildFile; fileRef = 18331F3F215238C3005A265B /* PasswordSettingVC.swift */; };
		18331F4221523979005A265B /* AddressOfServiceVC.swift in Sources */ = {isa = PBXBuildFile; fileRef = 18331F4121523979005A265B /* AddressOfServiceVC.swift */; };
		18331F44215242EF005A265B /* Extras.swift in Sources */ = {isa = PBXBuildFile; fileRef = 18331F43215242EF005A265B /* Extras.swift */; };
		1833E5BD214152E4006FACAC /* montserrat.regular.ttf in Resources */ = {isa = PBXBuildFile; fileRef = 1833E5BB214152E3006FACAC /* montserrat.regular.ttf */; };
		1833E5BE214152E4006FACAC /* montserrat.bold.ttf in Resources */ = {isa = PBXBuildFile; fileRef = 1833E5BC214152E3006FACAC /* montserrat.bold.ttf */; };
		1833E5C5214153B9006FACAC /* Montserrat-Black.ttf in Resources */ = {isa = PBXBuildFile; fileRef = 1833E5BF214153B6006FACAC /* Montserrat-Black.ttf */; };
		1833E5C6214153B9006FACAC /* Montserrat-Light.ttf in Resources */ = {isa = PBXBuildFile; fileRef = 1833E5C0214153B7006FACAC /* Montserrat-Light.ttf */; };
		1833E5C7214153B9006FACAC /* Montserrat-SemiBold.ttf in Resources */ = {isa = PBXBuildFile; fileRef = 1833E5C1214153B7006FACAC /* Montserrat-SemiBold.ttf */; };
		1833E5C8214153B9006FACAC /* Montserrat-ExtraLight.ttf in Resources */ = {isa = PBXBuildFile; fileRef = 1833E5C2214153B7006FACAC /* Montserrat-ExtraLight.ttf */; };
		1833E5C9214153B9006FACAC /* Montserrat-Thin.ttf in Resources */ = {isa = PBXBuildFile; fileRef = 1833E5C3214153B8006FACAC /* Montserrat-Thin.ttf */; };
		1833E5CA214153B9006FACAC /* Montserrat-Medium.ttf in Resources */ = {isa = PBXBuildFile; fileRef = 1833E5C4214153B8006FACAC /* Montserrat-Medium.ttf */; };
		1835234F215F79B2001FB353 /* CustomCalenderCell.swift in Sources */ = {isa = PBXBuildFile; fileRef = 1835234E215F79B2001FB353 /* CustomCalenderCell.swift */; };
		18352351215F7C27001FB353 /* Home_When_Future_VC.swift in Sources */ = {isa = PBXBuildFile; fileRef = 18352350215F7C27001FB353 /* Home_When_Future_VC.swift */; };
		183B1F89219C34F600D72AF0 /* ChooseProviderModel.swift in Sources */ = {isa = PBXBuildFile; fileRef = 183B1F88219C34F600D72AF0 /* ChooseProviderModel.swift */; };
		185CC13321660C140034E287 /* CustomAlertView.swift in Sources */ = {isa = PBXBuildFile; fileRef = 185CC13221660C140034E287 /* CustomAlertView.swift */; };
		185CC13521660CAB0034E287 /* CustomAlertViewDelegate.swift in Sources */ = {isa = PBXBuildFile; fileRef = 185CC13421660CAB0034E287 /* CustomAlertViewDelegate.swift */; };
		185CC13721660DA00034E287 /* UIButton+Border.swift in Sources */ = {isa = PBXBuildFile; fileRef = 185CC13621660DA00034E287 /* UIButton+Border.swift */; };
		18663410218707CA008F8770 /* ServiceProviderProfileMain.swift in Sources */ = {isa = PBXBuildFile; fileRef = 1866340F218707CA008F8770 /* ServiceProviderProfileMain.swift */; };
		186634122187364B008F8770 /* ChooseProviderTVC.swift in Sources */ = {isa = PBXBuildFile; fileRef = 186634112187364B008F8770 /* ChooseProviderTVC.swift */; };
		1866341421873806008F8770 /* ChooseProvider.swift in Sources */ = {isa = PBXBuildFile; fileRef = 1866341321873806008F8770 /* ChooseProvider.swift */; };
		1866868721426A7900194B4D /* LoginSignUpPageVC.swift in Sources */ = {isa = PBXBuildFile; fileRef = 1866868621426A7900194B4D /* LoginSignUpPageVC.swift */; };
		1866868921426AFD00194B4D /* RegistrationVC.swift in Sources */ = {isa = PBXBuildFile; fileRef = 1866868821426AFD00194B4D /* RegistrationVC.swift */; };
		1866868D2142824100194B4D /* Constants.swift in Sources */ = {isa = PBXBuildFile; fileRef = 1866868C2142824100194B4D /* Constants.swift */; };
		1866868F2142837F00194B4D /* AuthServices.swift in Sources */ = {isa = PBXBuildFile; fileRef = 1866868E2142837F00194B4D /* AuthServices.swift */; };
		186686922142841D00194B4D /* User.swift in Sources */ = {isa = PBXBuildFile; fileRef = 186686912142841D00194B4D /* User.swift */; };
		1869A5D121833BF10064D7DA /* ServiceProviderSettingVC.swift in Sources */ = {isa = PBXBuildFile; fileRef = 1869A5D021833BF10064D7DA /* ServiceProviderSettingVC.swift */; };
		187009DF216C9F1A0008680D /* Home_When_MainVC.swift in Sources */ = {isa = PBXBuildFile; fileRef = 187009DE216C9F1A0008680D /* Home_When_MainVC.swift */; };
		187009E1216CA31E0008680D /* TimeModel.swift in Sources */ = {isa = PBXBuildFile; fileRef = 187009E0216CA31E0008680D /* TimeModel.swift */; };
		187009E5216D04B20008680D /* CustomPopupSliderView copy.swift in Sources */ = {isa = PBXBuildFile; fileRef = 187009E4216D04B10008680D /* CustomPopupSliderView copy.swift */; };
		187472B6214BCA4700F3F6AE /* DesignableTextFields.swift in Sources */ = {isa = PBXBuildFile; fileRef = 187472B5214BCA4700F3F6AE /* DesignableTextFields.swift */; };
		1874B1A2215E0F210020D96B /* Home.storyboard in Resources */ = {isa = PBXBuildFile; fileRef = 1874B1A1215E0F210020D96B /* Home.storyboard */; };
		187EE8922181E0F0006FFAB6 /* SP_profile_updateVC.swift in Sources */ = {isa = PBXBuildFile; fileRef = 187EE8912181E0F0006FFAB6 /* SP_profile_updateVC.swift */; };
		1885EECD2174905F008A6DEA /* Home_HowOftenVC.swift in Sources */ = {isa = PBXBuildFile; fileRef = 1885EECC2174905F008A6DEA /* Home_HowOftenVC.swift */; };
		1890035C219AA7BB00D23FC8 /* OngoingVC.swift in Sources */ = {isa = PBXBuildFile; fileRef = 1890035B219AA7BB00D23FC8 /* OngoingVC.swift */; };
		1890035E219AAB2E00D23FC8 /* ongoingTVC.swift in Sources */ = {isa = PBXBuildFile; fileRef = 1890035D219AAB2E00D23FC8 /* ongoingTVC.swift */; };
		18900360219AE33F00D23FC8 /* BiddingDataModel.swift in Sources */ = {isa = PBXBuildFile; fileRef = 1890035F219AE33F00D23FC8 /* BiddingDataModel.swift */; };
		1894F30B21902E040050842D /* Home_SpecialServicesPhotosVC.swift in Sources */ = {isa = PBXBuildFile; fileRef = 1894F30A21902E040050842D /* Home_SpecialServicesPhotosVC.swift */; };
		189731A0216B77060034963F /* Address_RoomsDetail.swift in Sources */ = {isa = PBXBuildFile; fileRef = 1897319F216B77060034963F /* Address_RoomsDetail.swift */; };
		189731A2216B775F0034963F /* AddressArray.swift in Sources */ = {isa = PBXBuildFile; fileRef = 189731A1216B775F0034963F /* AddressArray.swift */; };
		189731A4216B7BEB0034963F /* TaskSizeTVC.swift in Sources */ = {isa = PBXBuildFile; fileRef = 189731A3216B7BEB0034963F /* TaskSizeTVC.swift */; };
		189731A6216B7C550034963F /* Home_TaskAddressVC.swift in Sources */ = {isa = PBXBuildFile; fileRef = 189731A5216B7C550034963F /* Home_TaskAddressVC.swift */; };
		1898B2272170BB5E00CDA70E /* RoomDetails.swift in Sources */ = {isa = PBXBuildFile; fileRef = 1898B2262170BB5E00CDA70E /* RoomDetails.swift */; };
		1899AF5321A2CBB300DA5704 /* Notification_MessagesVC.swift in Sources */ = {isa = PBXBuildFile; fileRef = 1899AF5221A2CBB300DA5704 /* Notification_MessagesVC.swift */; };
		189F7D63214FADDE0076D12B /* HomeViewController.swift in Sources */ = {isa = PBXBuildFile; fileRef = 189F7D62214FADDE0076D12B /* HomeViewController.swift */; };
		18A3F89F219565890050B6B6 /* SetPriceVC.swift in Sources */ = {isa = PBXBuildFile; fileRef = 18A3F89E219565890050B6B6 /* SetPriceVC.swift */; };
		18A3F8A121959F7B0050B6B6 /* Ongoing.storyboard in Resources */ = {isa = PBXBuildFile; fileRef = 18A3F8A021959F7B0050B6B6 /* Ongoing.storyboard */; };
		18A3F8A32195A2030050B6B6 /* History.storyboard in Resources */ = {isa = PBXBuildFile; fileRef = 18A3F8A22195A2030050B6B6 /* History.storyboard */; };
		18A3F8A52195A2160050B6B6 /* Messages.storyboard in Resources */ = {isa = PBXBuildFile; fileRef = 18A3F8A42195A2160050B6B6 /* Messages.storyboard */; };
		18A413A4216E286700A2EA8D /* WhenModel.swift in Sources */ = {isa = PBXBuildFile; fileRef = 18A413A3216E286700A2EA8D /* WhenModel.swift */; };
		18A58459219D598600DC088F /* SwiftyStarRatingView.swift in Sources */ = {isa = PBXBuildFile; fileRef = 18A58458219D598600DC088F /* SwiftyStarRatingView.swift */; };
		18A5845C219D8A8600DC088F /* GoogleService-Info.plist in Resources */ = {isa = PBXBuildFile; fileRef = 18A5845B219D8A8600DC088F /* GoogleService-Info.plist */; };
		18A8211F21635F69003501C6 /* CustomPicturesCollectioncell.swift in Sources */ = {isa = PBXBuildFile; fileRef = 18A8211E21635F69003501C6 /* CustomPicturesCollectioncell.swift */; };
		18AE8335219424130099CBDC /* SpecialServiceModel.swift in Sources */ = {isa = PBXBuildFile; fileRef = 18AE8334219424130099CBDC /* SpecialServiceModel.swift */; };
		18AED2D32177707D00D1E616 /* Home_SpecialServicesMainVC.swift in Sources */ = {isa = PBXBuildFile; fileRef = 18AED2D22177707D00D1E616 /* Home_SpecialServicesMainVC.swift */; };
		18AED2D52177729300D1E616 /* SpecialServicesCVCell.swift in Sources */ = {isa = PBXBuildFile; fileRef = 18AED2D42177729300D1E616 /* SpecialServicesCVCell.swift */; };
		18AED71F217F149000F98B2C /* ServiceProviderSignup.swift in Sources */ = {isa = PBXBuildFile; fileRef = 18AED71E217F149000F98B2C /* ServiceProviderSignup.swift */; };
		18AED721217F14A200F98B2C /* ServiceProviderLogin.swift in Sources */ = {isa = PBXBuildFile; fileRef = 18AED720217F14A200F98B2C /* ServiceProviderLogin.swift */; };
		18AED723217F16ED00F98B2C /* ServiceProvderUser.swift in Sources */ = {isa = PBXBuildFile; fileRef = 18AED722217F16ED00F98B2C /* ServiceProvderUser.swift */; };
		18BD1395219309DD0078AF15 /* TaskSizeModel.swift in Sources */ = {isa = PBXBuildFile; fileRef = 18BD1394219309DD0078AF15 /* TaskSizeModel.swift */; };
		18C2641721A68C0E0006B902 /* Ongoing_Request_OffersVC.swift in Sources */ = {isa = PBXBuildFile; fileRef = 18C2641621A68C0E0006B902 /* Ongoing_Request_OffersVC.swift */; };
		18C2641921A68D710006B902 /* ongoing_request_offersCell.swift in Sources */ = {isa = PBXBuildFile; fileRef = 18C2641821A68D710006B902 /* ongoing_request_offersCell.swift */; };
		18C2641B21A695210006B902 /* offersDataModel.swift in Sources */ = {isa = PBXBuildFile; fileRef = 18C2641A21A695210006B902 /* offersDataModel.swift */; };
		18CB3B68213FEE070008D6F0 /* AppDelegate.swift in Sources */ = {isa = PBXBuildFile; fileRef = 18CB3B67213FEE070008D6F0 /* AppDelegate.swift */; };
		18CB3B6A213FEE070008D6F0 /* ViewController.swift in Sources */ = {isa = PBXBuildFile; fileRef = 18CB3B69213FEE070008D6F0 /* ViewController.swift */; };
		18CB3B6D213FEE070008D6F0 /* Main.storyboard in Resources */ = {isa = PBXBuildFile; fileRef = 18CB3B6B213FEE070008D6F0 /* Main.storyboard */; };
		18CB3B6F213FEE090008D6F0 /* Assets.xcassets in Resources */ = {isa = PBXBuildFile; fileRef = 18CB3B6E213FEE090008D6F0 /* Assets.xcassets */; };
		18CB3B72213FEE090008D6F0 /* LaunchScreen.storyboard in Resources */ = {isa = PBXBuildFile; fileRef = 18CB3B70213FEE090008D6F0 /* LaunchScreen.storyboard */; };
		18F0126721A7E6E0001D12D5 /* ServiceProviderHomeMain.swift in Sources */ = {isa = PBXBuildFile; fileRef = 18F0126621A7E6E0001D12D5 /* ServiceProviderHomeMain.swift */; };
		18F0126921A8017A001D12D5 /* ServiceProviderHome_Bid.swift in Sources */ = {isa = PBXBuildFile; fileRef = 18F0126821A8017A001D12D5 /* ServiceProviderHome_Bid.swift */; };
		18F0126B21A803CC001D12D5 /* SPbids_cell.swift in Sources */ = {isa = PBXBuildFile; fileRef = 18F0126A21A803CC001D12D5 /* SPbids_cell.swift */; };
		18F0126D21A81302001D12D5 /* ServiceProviderHomeBidModel.swift in Sources */ = {isa = PBXBuildFile; fileRef = 18F0126C21A81302001D12D5 /* ServiceProviderHomeBidModel.swift */; };
		18F0126F21A81D70001D12D5 /* ServiceProvider_BidDetail.swift in Sources */ = {isa = PBXBuildFile; fileRef = 18F0126E21A81D70001D12D5 /* ServiceProvider_BidDetail.swift */; };
		18F20385216210EB00A4E1C9 /* Home_TaskSizeVC.swift in Sources */ = {isa = PBXBuildFile; fileRef = 18F20384216210EB00A4E1C9 /* Home_TaskSizeVC.swift */; };
		2CBDAD9A1F15C7840CF3CB8B /* Pods_Maidpicker.framework in Frameworks */ = {isa = PBXBuildFile; fileRef = CEB9676F5EF3F5EE9F632FFF /* Pods_Maidpicker.framework */; };
/* End PBXBuildFile section */

/* Begin PBXFileReference section */
		180426482175E6E000154B0B /* Home_ExtrasVC.swift */ = {isa = PBXFileReference; lastKnownFileType = sourcecode.swift; path = Home_ExtrasVC.swift; sourceTree = "<group>"; };
		1804264B2175FD1100154B0B /* HowOftenModel.swift */ = {isa = PBXFileReference; lastKnownFileType = sourcecode.swift; path = HowOftenModel.swift; sourceTree = "<group>"; };
		180A2C4A21919AEA00FDDB44 /* ExtraModel.swift */ = {isa = PBXFileReference; lastKnownFileType = sourcecode.swift; path = ExtraModel.swift; sourceTree = "<group>"; };
		180C015421512564009DA3C1 /* tabBarViewController.swift */ = {isa = PBXFileReference; lastKnownFileType = sourcecode.swift; path = tabBarViewController.swift; sourceTree = "<group>"; };
		180C0157215135FD009DA3C1 /* profiles.storyboard */ = {isa = PBXFileReference; lastKnownFileType = file.storyboard; path = profiles.storyboard; sourceTree = "<group>"; };
		180C015921513F74009DA3C1 /* ProfileMainViewController.swift */ = {isa = PBXFileReference; lastKnownFileType = sourcecode.swift; path = ProfileMainViewController.swift; sourceTree = "<group>"; };
		1815693521737C9800E1A108 /* RealmObject.swift */ = {isa = PBXFileReference; lastKnownFileType = sourcecode.swift; path = RealmObject.swift; sourceTree = "<group>"; };
		181F23F62178A836001F31CF /* SPOngoing.storyboard */ = {isa = PBXFileReference; lastKnownFileType = file.storyboard; path = SPOngoing.storyboard; sourceTree = "<group>"; };
		181F23F82178A84D001F31CF /* SPHistory.storyboard */ = {isa = PBXFileReference; lastKnownFileType = file.storyboard; path = SPHistory.storyboard; sourceTree = "<group>"; };
		181F23FA2178A85B001F31CF /* SPHome.storyboard */ = {isa = PBXFileReference; lastKnownFileType = file.storyboard; path = SPHome.storyboard; sourceTree = "<group>"; };
		181F23FC2178A875001F31CF /* SPMessages.storyboard */ = {isa = PBXFileReference; lastKnownFileType = file.storyboard; path = SPMessages.storyboard; sourceTree = "<group>"; };
		181F23FE2178A8B6001F31CF /* SPSetting.storyboard */ = {isa = PBXFileReference; lastKnownFileType = file.storyboard; path = SPSetting.storyboard; sourceTree = "<group>"; };
		181F24012178ABC5001F31CF /* ServiceProvidertabBarVC.swift */ = {isa = PBXFileReference; lastKnownFileType = sourcecode.swift; path = ServiceProvidertabBarVC.swift; sourceTree = "<group>"; };
		1822E82F21A2CE9500E3B617 /* notificationTVC.swift */ = {isa = PBXFileReference; lastKnownFileType = sourcecode.swift; path = notificationTVC.swift; sourceTree = "<group>"; };
		1826E57621885616005B5CBA /* ServicesVC.swift */ = {isa = PBXFileReference; lastKnownFileType = sourcecode.swift; path = ServicesVC.swift; sourceTree = "<group>"; };
		182C4661215E60B30041F123 /* CustomView.swift */ = {isa = PBXFileReference; lastKnownFileType = sourcecode.swift; path = CustomView.swift; sourceTree = "<group>"; };
		182E648A215CCCB400A729D1 /* LocationAddTVC.swift */ = {isa = PBXFileReference; lastKnownFileType = sourcecode.swift; path = LocationAddTVC.swift; sourceTree = "<group>"; };
		1832C5DC2153901700315A53 /* MapsViewController.swift */ = {isa = PBXFileReference; lastKnownFileType = sourcecode.swift; path = MapsViewController.swift; sourceTree = "<group>"; };
		18331F3B2152385F005A265B /* SettingCenterViewController.swift */ = {isa = PBXFileReference; lastKnownFileType = sourcecode.swift; path = SettingCenterViewController.swift; sourceTree = "<group>"; };
		18331F3D215238B0005A265B /* ProfileSettingVC.swift */ = {isa = PBXFileReference; lastKnownFileType = sourcecode.swift; path = ProfileSettingVC.swift; sourceTree = "<group>"; };
		18331F3F215238C3005A265B /* PasswordSettingVC.swift */ = {isa = PBXFileReference; lastKnownFileType = sourcecode.swift; path = PasswordSettingVC.swift; sourceTree = "<group>"; };
		18331F4121523979005A265B /* AddressOfServiceVC.swift */ = {isa = PBXFileReference; lastKnownFileType = sourcecode.swift; path = AddressOfServiceVC.swift; sourceTree = "<group>"; };
		18331F43215242EF005A265B /* Extras.swift */ = {isa = PBXFileReference; lastKnownFileType = sourcecode.swift; path = Extras.swift; sourceTree = "<group>"; };
		1833E5BB214152E3006FACAC /* montserrat.regular.ttf */ = {isa = PBXFileReference; lastKnownFileType = file; path = montserrat.regular.ttf; sourceTree = "<group>"; };
		1833E5BC214152E3006FACAC /* montserrat.bold.ttf */ = {isa = PBXFileReference; lastKnownFileType = file; path = montserrat.bold.ttf; sourceTree = "<group>"; };
		1833E5BF214153B6006FACAC /* Montserrat-Black.ttf */ = {isa = PBXFileReference; lastKnownFileType = file; path = "Montserrat-Black.ttf"; sourceTree = "<group>"; };
		1833E5C0214153B7006FACAC /* Montserrat-Light.ttf */ = {isa = PBXFileReference; lastKnownFileType = file; path = "Montserrat-Light.ttf"; sourceTree = "<group>"; };
		1833E5C1214153B7006FACAC /* Montserrat-SemiBold.ttf */ = {isa = PBXFileReference; lastKnownFileType = file; path = "Montserrat-SemiBold.ttf"; sourceTree = "<group>"; };
		1833E5C2214153B7006FACAC /* Montserrat-ExtraLight.ttf */ = {isa = PBXFileReference; lastKnownFileType = file; path = "Montserrat-ExtraLight.ttf"; sourceTree = "<group>"; };
		1833E5C3214153B8006FACAC /* Montserrat-Thin.ttf */ = {isa = PBXFileReference; lastKnownFileType = file; path = "Montserrat-Thin.ttf"; sourceTree = "<group>"; };
		1833E5C4214153B8006FACAC /* Montserrat-Medium.ttf */ = {isa = PBXFileReference; lastKnownFileType = file; path = "Montserrat-Medium.ttf"; sourceTree = "<group>"; };
		1835234E215F79B2001FB353 /* CustomCalenderCell.swift */ = {isa = PBXFileReference; lastKnownFileType = sourcecode.swift; path = CustomCalenderCell.swift; sourceTree = "<group>"; };
		18352350215F7C27001FB353 /* Home_When_Future_VC.swift */ = {isa = PBXFileReference; lastKnownFileType = sourcecode.swift; path = Home_When_Future_VC.swift; sourceTree = "<group>"; };
		183B1F88219C34F600D72AF0 /* ChooseProviderModel.swift */ = {isa = PBXFileReference; lastKnownFileType = sourcecode.swift; path = ChooseProviderModel.swift; sourceTree = "<group>"; };
		185CC13221660C140034E287 /* CustomAlertView.swift */ = {isa = PBXFileReference; fileEncoding = 4; lastKnownFileType = sourcecode.swift; path = CustomAlertView.swift; sourceTree = "<group>"; };
		185CC13421660CAB0034E287 /* CustomAlertViewDelegate.swift */ = {isa = PBXFileReference; fileEncoding = 4; lastKnownFileType = sourcecode.swift; path = CustomAlertViewDelegate.swift; sourceTree = "<group>"; };
		185CC13621660DA00034E287 /* UIButton+Border.swift */ = {isa = PBXFileReference; fileEncoding = 4; lastKnownFileType = sourcecode.swift; path = "UIButton+Border.swift"; sourceTree = "<group>"; };
		1866340F218707CA008F8770 /* ServiceProviderProfileMain.swift */ = {isa = PBXFileReference; lastKnownFileType = sourcecode.swift; path = ServiceProviderProfileMain.swift; sourceTree = "<group>"; };
		186634112187364B008F8770 /* ChooseProviderTVC.swift */ = {isa = PBXFileReference; lastKnownFileType = sourcecode.swift; path = ChooseProviderTVC.swift; sourceTree = "<group>"; };
		1866341321873806008F8770 /* ChooseProvider.swift */ = {isa = PBXFileReference; lastKnownFileType = sourcecode.swift; path = ChooseProvider.swift; sourceTree = "<group>"; };
		1866868621426A7900194B4D /* LoginSignUpPageVC.swift */ = {isa = PBXFileReference; lastKnownFileType = sourcecode.swift; path = LoginSignUpPageVC.swift; sourceTree = "<group>"; };
		1866868821426AFD00194B4D /* RegistrationVC.swift */ = {isa = PBXFileReference; lastKnownFileType = sourcecode.swift; path = RegistrationVC.swift; sourceTree = "<group>"; };
		1866868C2142824100194B4D /* Constants.swift */ = {isa = PBXFileReference; lastKnownFileType = sourcecode.swift; path = Constants.swift; sourceTree = "<group>"; };
		1866868E2142837F00194B4D /* AuthServices.swift */ = {isa = PBXFileReference; lastKnownFileType = sourcecode.swift; path = AuthServices.swift; sourceTree = "<group>"; };
		186686912142841D00194B4D /* User.swift */ = {isa = PBXFileReference; lastKnownFileType = sourcecode.swift; path = User.swift; sourceTree = "<group>"; };
		1869A5D021833BF10064D7DA /* ServiceProviderSettingVC.swift */ = {isa = PBXFileReference; lastKnownFileType = sourcecode.swift; path = ServiceProviderSettingVC.swift; sourceTree = "<group>"; };
		187009DE216C9F1A0008680D /* Home_When_MainVC.swift */ = {isa = PBXFileReference; lastKnownFileType = sourcecode.swift; path = Home_When_MainVC.swift; sourceTree = "<group>"; };
		187009E0216CA31E0008680D /* TimeModel.swift */ = {isa = PBXFileReference; fileEncoding = 4; lastKnownFileType = sourcecode.swift; path = TimeModel.swift; sourceTree = "<group>"; };
		187009E4216D04B10008680D /* CustomPopupSliderView copy.swift */ = {isa = PBXFileReference; fileEncoding = 4; lastKnownFileType = sourcecode.swift; path = "CustomPopupSliderView copy.swift"; sourceTree = "<group>"; };
		187472B5214BCA4700F3F6AE /* DesignableTextFields.swift */ = {isa = PBXFileReference; lastKnownFileType = sourcecode.swift; path = DesignableTextFields.swift; sourceTree = "<group>"; };
		1874B1A1215E0F210020D96B /* Home.storyboard */ = {isa = PBXFileReference; lastKnownFileType = file.storyboard; path = Home.storyboard; sourceTree = "<group>"; };
		187EE8912181E0F0006FFAB6 /* SP_profile_updateVC.swift */ = {isa = PBXFileReference; lastKnownFileType = sourcecode.swift; path = SP_profile_updateVC.swift; sourceTree = "<group>"; };
		1885EECC2174905F008A6DEA /* Home_HowOftenVC.swift */ = {isa = PBXFileReference; lastKnownFileType = sourcecode.swift; path = Home_HowOftenVC.swift; sourceTree = "<group>"; };
		1890035B219AA7BB00D23FC8 /* OngoingVC.swift */ = {isa = PBXFileReference; lastKnownFileType = sourcecode.swift; path = OngoingVC.swift; sourceTree = "<group>"; };
		1890035D219AAB2E00D23FC8 /* ongoingTVC.swift */ = {isa = PBXFileReference; lastKnownFileType = sourcecode.swift; path = ongoingTVC.swift; sourceTree = "<group>"; };
		1890035F219AE33F00D23FC8 /* BiddingDataModel.swift */ = {isa = PBXFileReference; lastKnownFileType = sourcecode.swift; path = BiddingDataModel.swift; sourceTree = "<group>"; };
		1894F30A21902E040050842D /* Home_SpecialServicesPhotosVC.swift */ = {isa = PBXFileReference; lastKnownFileType = sourcecode.swift; path = "Home_Special\U0010ServicesPhotosVC.swift"; sourceTree = "<group>"; };
		1897319F216B77060034963F /* Address_RoomsDetail.swift */ = {isa = PBXFileReference; lastKnownFileType = sourcecode.swift; path = Address_RoomsDetail.swift; sourceTree = "<group>"; };
		189731A1216B775F0034963F /* AddressArray.swift */ = {isa = PBXFileReference; lastKnownFileType = sourcecode.swift; path = AddressArray.swift; sourceTree = "<group>"; };
		189731A3216B7BEB0034963F /* TaskSizeTVC.swift */ = {isa = PBXFileReference; lastKnownFileType = sourcecode.swift; path = TaskSizeTVC.swift; sourceTree = "<group>"; };
		189731A5216B7C550034963F /* Home_TaskAddressVC.swift */ = {isa = PBXFileReference; lastKnownFileType = sourcecode.swift; path = Home_TaskAddressVC.swift; sourceTree = "<group>"; };
		1898B2262170BB5E00CDA70E /* RoomDetails.swift */ = {isa = PBXFileReference; fileEncoding = 4; lastKnownFileType = sourcecode.swift; path = RoomDetails.swift; sourceTree = "<group>"; };
		1899AF5221A2CBB300DA5704 /* Notification_MessagesVC.swift */ = {isa = PBXFileReference; lastKnownFileType = sourcecode.swift; path = Notification_MessagesVC.swift; sourceTree = "<group>"; };
		189F7D62214FADDE0076D12B /* HomeViewController.swift */ = {isa = PBXFileReference; lastKnownFileType = sourcecode.swift; path = HomeViewController.swift; sourceTree = "<group>"; };
		18A3F89E219565890050B6B6 /* SetPriceVC.swift */ = {isa = PBXFileReference; lastKnownFileType = sourcecode.swift; path = SetPriceVC.swift; sourceTree = "<group>"; };
		18A3F8A021959F7B0050B6B6 /* Ongoing.storyboard */ = {isa = PBXFileReference; lastKnownFileType = file.storyboard; path = Ongoing.storyboard; sourceTree = "<group>"; };
		18A3F8A22195A2030050B6B6 /* History.storyboard */ = {isa = PBXFileReference; lastKnownFileType = file.storyboard; path = History.storyboard; sourceTree = "<group>"; };
		18A3F8A42195A2160050B6B6 /* Messages.storyboard */ = {isa = PBXFileReference; lastKnownFileType = file.storyboard; path = Messages.storyboard; sourceTree = "<group>"; };
		18A413A3216E286700A2EA8D /* WhenModel.swift */ = {isa = PBXFileReference; lastKnownFileType = sourcecode.swift; path = WhenModel.swift; sourceTree = "<group>"; };
		18A58458219D598600DC088F /* SwiftyStarRatingView.swift */ = {isa = PBXFileReference; fileEncoding = 4; lastKnownFileType = sourcecode.swift; path = SwiftyStarRatingView.swift; sourceTree = "<group>"; };
		18A5845A219D89BB00DC088F /* Maidpicker.entitlements */ = {isa = PBXFileReference; lastKnownFileType = text.plist.entitlements; path = Maidpicker.entitlements; sourceTree = "<group>"; };
		18A5845B219D8A8600DC088F /* GoogleService-Info.plist */ = {isa = PBXFileReference; fileEncoding = 4; lastKnownFileType = text.plist.xml; path = "GoogleService-Info.plist"; sourceTree = "<group>"; };
		18A8211E21635F69003501C6 /* CustomPicturesCollectioncell.swift */ = {isa = PBXFileReference; lastKnownFileType = sourcecode.swift; path = CustomPicturesCollectioncell.swift; sourceTree = "<group>"; };
		18AE8334219424130099CBDC /* SpecialServiceModel.swift */ = {isa = PBXFileReference; lastKnownFileType = sourcecode.swift; path = SpecialServiceModel.swift; sourceTree = "<group>"; };
		18AED2D22177707D00D1E616 /* Home_SpecialServicesMainVC.swift */ = {isa = PBXFileReference; lastKnownFileType = sourcecode.swift; path = Home_SpecialServicesMainVC.swift; sourceTree = "<group>"; };
		18AED2D42177729300D1E616 /* SpecialServicesCVCell.swift */ = {isa = PBXFileReference; lastKnownFileType = sourcecode.swift; path = SpecialServicesCVCell.swift; sourceTree = "<group>"; };
		18AED71E217F149000F98B2C /* ServiceProviderSignup.swift */ = {isa = PBXFileReference; lastKnownFileType = sourcecode.swift; path = ServiceProviderSignup.swift; sourceTree = "<group>"; };
		18AED720217F14A200F98B2C /* ServiceProviderLogin.swift */ = {isa = PBXFileReference; lastKnownFileType = sourcecode.swift; path = ServiceProviderLogin.swift; sourceTree = "<group>"; };
		18AED722217F16ED00F98B2C /* ServiceProvderUser.swift */ = {isa = PBXFileReference; lastKnownFileType = sourcecode.swift; path = ServiceProvderUser.swift; sourceTree = "<group>"; };
		18BD1394219309DD0078AF15 /* TaskSizeModel.swift */ = {isa = PBXFileReference; lastKnownFileType = sourcecode.swift; path = TaskSizeModel.swift; sourceTree = "<group>"; };
		18C2641621A68C0E0006B902 /* Ongoing_Request_OffersVC.swift */ = {isa = PBXFileReference; lastKnownFileType = sourcecode.swift; path = Ongoing_Request_OffersVC.swift; sourceTree = "<group>"; };
		18C2641821A68D710006B902 /* ongoing_request_offersCell.swift */ = {isa = PBXFileReference; lastKnownFileType = sourcecode.swift; path = ongoing_request_offersCell.swift; sourceTree = "<group>"; };
		18C2641A21A695210006B902 /* offersDataModel.swift */ = {isa = PBXFileReference; lastKnownFileType = sourcecode.swift; path = offersDataModel.swift; sourceTree = "<group>"; };
		18CB3B64213FEE070008D6F0 /* Maidpicker.app */ = {isa = PBXFileReference; explicitFileType = wrapper.application; includeInIndex = 0; path = Maidpicker.app; sourceTree = BUILT_PRODUCTS_DIR; };
		18CB3B67213FEE070008D6F0 /* AppDelegate.swift */ = {isa = PBXFileReference; lastKnownFileType = sourcecode.swift; path = AppDelegate.swift; sourceTree = "<group>"; };
		18CB3B69213FEE070008D6F0 /* ViewController.swift */ = {isa = PBXFileReference; lastKnownFileType = sourcecode.swift; path = ViewController.swift; sourceTree = "<group>"; };
		18CB3B6C213FEE070008D6F0 /* Base */ = {isa = PBXFileReference; lastKnownFileType = file.storyboard; name = Base; path = Base.lproj/Main.storyboard; sourceTree = "<group>"; };
		18CB3B6E213FEE090008D6F0 /* Assets.xcassets */ = {isa = PBXFileReference; lastKnownFileType = folder.assetcatalog; path = Assets.xcassets; sourceTree = "<group>"; };
		18CB3B71213FEE090008D6F0 /* Base */ = {isa = PBXFileReference; lastKnownFileType = file.storyboard; name = Base; path = Base.lproj/LaunchScreen.storyboard; sourceTree = "<group>"; };
		18CB3B73213FEE090008D6F0 /* Info.plist */ = {isa = PBXFileReference; lastKnownFileType = text.plist.xml; path = Info.plist; sourceTree = "<group>"; };
		18F0126621A7E6E0001D12D5 /* ServiceProviderHomeMain.swift */ = {isa = PBXFileReference; lastKnownFileType = sourcecode.swift; path = ServiceProviderHomeMain.swift; sourceTree = "<group>"; };
		18F0126821A8017A001D12D5 /* ServiceProviderHome_Bid.swift */ = {isa = PBXFileReference; lastKnownFileType = sourcecode.swift; path = ServiceProviderHome_Bid.swift; sourceTree = "<group>"; };
		18F0126A21A803CC001D12D5 /* SPbids_cell.swift */ = {isa = PBXFileReference; lastKnownFileType = sourcecode.swift; path = SPbids_cell.swift; sourceTree = "<group>"; };
		18F0126C21A81302001D12D5 /* ServiceProviderHomeBidModel.swift */ = {isa = PBXFileReference; lastKnownFileType = sourcecode.swift; path = ServiceProviderHomeBidModel.swift; sourceTree = "<group>"; };
		18F0126E21A81D70001D12D5 /* ServiceProvider_BidDetail.swift */ = {isa = PBXFileReference; lastKnownFileType = sourcecode.swift; path = ServiceProvider_BidDetail.swift; sourceTree = "<group>"; };
		18F20384216210EB00A4E1C9 /* Home_TaskSizeVC.swift */ = {isa = PBXFileReference; lastKnownFileType = sourcecode.swift; path = Home_TaskSizeVC.swift; sourceTree = "<group>"; };
		2E3043A7FCD70FC4EFEA6D50 /* Pods-Maidpicker.release.xcconfig */ = {isa = PBXFileReference; includeInIndex = 1; lastKnownFileType = text.xcconfig; name = "Pods-Maidpicker.release.xcconfig"; path = "Pods/Target Support Files/Pods-Maidpicker/Pods-Maidpicker.release.xcconfig"; sourceTree = "<group>"; };
		B71F5400F41A99EBB6D159F0 /* Pods-Maidpicker.debug.xcconfig */ = {isa = PBXFileReference; includeInIndex = 1; lastKnownFileType = text.xcconfig; name = "Pods-Maidpicker.debug.xcconfig"; path = "Pods/Target Support Files/Pods-Maidpicker/Pods-Maidpicker.debug.xcconfig"; sourceTree = "<group>"; };
		CEB9676F5EF3F5EE9F632FFF /* Pods_Maidpicker.framework */ = {isa = PBXFileReference; explicitFileType = wrapper.framework; includeInIndex = 0; path = Pods_Maidpicker.framework; sourceTree = BUILT_PRODUCTS_DIR; };
/* End PBXFileReference section */

/* Begin PBXFrameworksBuildPhase section */
		18CB3B61213FEE070008D6F0 /* Frameworks */ = {
			isa = PBXFrameworksBuildPhase;
			buildActionMask = 2147483647;
			files = (
				2CBDAD9A1F15C7840CF3CB8B /* Pods_Maidpicker.framework in Frameworks */,
			);
			runOnlyForDeploymentPostprocessing = 0;
		};
/* End PBXFrameworksBuildPhase section */

/* Begin PBXGroup section */
		180C0156215135E3009DA3C1 /* Storyboards */ = {
			isa = PBXGroup;
			children = (
				18A3F8A021959F7B0050B6B6 /* Ongoing.storyboard */,
				18A3F8A22195A2030050B6B6 /* History.storyboard */,
				1874B1A1215E0F210020D96B /* Home.storyboard */,
				18A3F8A42195A2160050B6B6 /* Messages.storyboard */,
				180C0157215135FD009DA3C1 /* profiles.storyboard */,
			);
			path = Storyboards;
			sourceTree = "<group>";
		};
		1815693421737C7C00E1A108 /* RealmFiles */ = {
			isa = PBXGroup;
			children = (
				1815693521737C9800E1A108 /* RealmObject.swift */,
			);
			path = RealmFiles;
			sourceTree = "<group>";
		};
		181F23F52178A7E4001F31CF /* ServiceProviderStoryboards */ = {
			isa = PBXGroup;
			children = (
				181F23F62178A836001F31CF /* SPOngoing.storyboard */,
				181F23F82178A84D001F31CF /* SPHistory.storyboard */,
				181F23FA2178A85B001F31CF /* SPHome.storyboard */,
				181F23FC2178A875001F31CF /* SPMessages.storyboard */,
				181F23FE2178A8B6001F31CF /* SPSetting.storyboard */,
			);
			path = ServiceProviderStoryboards;
			sourceTree = "<group>";
		};
		181F24002178AB64001F31CF /* ControllersServiceProvider */ = {
			isa = PBXGroup;
			children = (
				18AED720217F14A200F98B2C /* ServiceProviderLogin.swift */,
				18AED71E217F149000F98B2C /* ServiceProviderSignup.swift */,
				181F24012178ABC5001F31CF /* ServiceProvidertabBarVC.swift */,
				1869A5D021833BF10064D7DA /* ServiceProviderSettingVC.swift */,
				1866340F218707CA008F8770 /* ServiceProviderProfileMain.swift */,
				187EE8912181E0F0006FFAB6 /* SP_profile_updateVC.swift */,
				18F0126621A7E6E0001D12D5 /* ServiceProviderHomeMain.swift */,
				18F0126821A8017A001D12D5 /* ServiceProviderHome_Bid.swift */,
				18F0126E21A81D70001D12D5 /* ServiceProvider_BidDetail.swift */,
			);
			path = ControllersServiceProvider;
			sourceTree = "<group>";
		};
		1833E5B921415285006FACAC /* Fonts */ = {
			isa = PBXGroup;
			children = (
				1833E5BF214153B6006FACAC /* Montserrat-Black.ttf */,
				1833E5C2214153B7006FACAC /* Montserrat-ExtraLight.ttf */,
				1833E5C0214153B7006FACAC /* Montserrat-Light.ttf */,
				1833E5C4214153B8006FACAC /* Montserrat-Medium.ttf */,
				1833E5C1214153B7006FACAC /* Montserrat-SemiBold.ttf */,
				1833E5C3214153B8006FACAC /* Montserrat-Thin.ttf */,
				1833E5BC214152E3006FACAC /* montserrat.bold.ttf */,
				1833E5BB214152E3006FACAC /* montserrat.regular.ttf */,
			);
			path = Fonts;
			sourceTree = "<group>";
		};
		1833E5BA21415297006FACAC /* Controllers */ = {
			isa = PBXGroup;
			children = (
				18CB3B69213FEE070008D6F0 /* ViewController.swift */,
				1866868621426A7900194B4D /* LoginSignUpPageVC.swift */,
				1866868821426AFD00194B4D /* RegistrationVC.swift */,
				180C015421512564009DA3C1 /* tabBarViewController.swift */,
				18331F3B2152385F005A265B /* SettingCenterViewController.swift */,
				180C015921513F74009DA3C1 /* ProfileMainViewController.swift */,
				18331F3D215238B0005A265B /* ProfileSettingVC.swift */,
				18331F3F215238C3005A265B /* PasswordSettingVC.swift */,
				18331F4121523979005A265B /* AddressOfServiceVC.swift */,
				1832C5DC2153901700315A53 /* MapsViewController.swift */,
				189F7D62214FADDE0076D12B /* HomeViewController.swift */,
				189731A5216B7C550034963F /* Home_TaskAddressVC.swift */,
				187009DE216C9F1A0008680D /* Home_When_MainVC.swift */,
				187009E4216D04B10008680D /* CustomPopupSliderView copy.swift */,
				18352350215F7C27001FB353 /* Home_When_Future_VC.swift */,
				18F20384216210EB00A4E1C9 /* Home_TaskSizeVC.swift */,
				1885EECC2174905F008A6DEA /* Home_HowOftenVC.swift */,
				18AED2D22177707D00D1E616 /* Home_SpecialServicesMainVC.swift */,
				1894F30A21902E040050842D /* Home_SpecialServicesPhotosVC.swift */,
				180426482175E6E000154B0B /* Home_ExtrasVC.swift */,
				1826E57621885616005B5CBA /* ServicesVC.swift */,
				18A3F89E219565890050B6B6 /* SetPriceVC.swift */,
				1866341321873806008F8770 /* ChooseProvider.swift */,
				1890035B219AA7BB00D23FC8 /* OngoingVC.swift */,
				18C2641621A68C0E0006B902 /* Ongoing_Request_OffersVC.swift */,
				1899AF5221A2CBB300DA5704 /* Notification_MessagesVC.swift */,
			);
			path = Controllers;
			sourceTree = "<group>";
		};
		1840EF8C219EE31C0058C50E /* CustomCells */ = {
			isa = PBXGroup;
			children = (
				182E648A215CCCB400A729D1 /* LocationAddTVC.swift */,
				189731A3216B7BEB0034963F /* TaskSizeTVC.swift */,
				186634112187364B008F8770 /* ChooseProviderTVC.swift */,
				1890035D219AAB2E00D23FC8 /* ongoingTVC.swift */,
				1822E82F21A2CE9500E3B617 /* notificationTVC.swift */,
				18C2641821A68D710006B902 /* ongoing_request_offersCell.swift */,
				18F0126A21A803CC001D12D5 /* SPbids_cell.swift */,
			);
			path = CustomCells;
			sourceTree = "<group>";
		};
		1866868A21426E3800194B4D /* AuthServices */ = {
			isa = PBXGroup;
			children = (
				1866868E2142837F00194B4D /* AuthServices.swift */,
			);
			path = AuthServices;
			sourceTree = "<group>";
		};
		1866868B21426E4300194B4D /* Constants */ = {
			isa = PBXGroup;
			children = (
				1866868C2142824100194B4D /* Constants.swift */,
				18331F43215242EF005A265B /* Extras.swift */,
			);
			path = Constants;
			sourceTree = "<group>";
		};
		18668690214283F500194B4D /* Model */ = {
			isa = PBXGroup;
			children = (
				186686912142841D00194B4D /* User.swift */,
				18AED722217F16ED00F98B2C /* ServiceProvderUser.swift */,
				187009E0216CA31E0008680D /* TimeModel.swift */,
				1835234E215F79B2001FB353 /* CustomCalenderCell.swift */,
				18A8211E21635F69003501C6 /* CustomPicturesCollectioncell.swift */,
				1898B2262170BB5E00CDA70E /* RoomDetails.swift */,
				1897319F216B77060034963F /* Address_RoomsDetail.swift */,
				189731A1216B775F0034963F /* AddressArray.swift */,
				18A413A3216E286700A2EA8D /* WhenModel.swift */,
				18BD1394219309DD0078AF15 /* TaskSizeModel.swift */,
				1804264B2175FD1100154B0B /* HowOftenModel.swift */,
				18AED2D42177729300D1E616 /* SpecialServicesCVCell.swift */,
				180A2C4A21919AEA00FDDB44 /* ExtraModel.swift */,
				18AE8334219424130099CBDC /* SpecialServiceModel.swift */,
				1890035F219AE33F00D23FC8 /* BiddingDataModel.swift */,
				183B1F88219C34F600D72AF0 /* ChooseProviderModel.swift */,
				18C2641A21A695210006B902 /* offersDataModel.swift */,
				18F0126C21A81302001D12D5 /* ServiceProviderHomeBidModel.swift */,
			);
			path = Model;
			sourceTree = "<group>";
		};
		187472B4214BCA0F00F3F6AE /* View */ = {
			isa = PBXGroup;
			children = (
				185CC13621660DA00034E287 /* UIButton+Border.swift */,
				187472B5214BCA4700F3F6AE /* DesignableTextFields.swift */,
				182C4661215E60B30041F123 /* CustomView.swift */,
			);
			path = View;
			sourceTree = "<group>";
		};
		18A413A2216DE4E000A2EA8D /* CustomPopupsController */ = {
			isa = PBXGroup;
			children = (
				185CC13221660C140034E287 /* CustomAlertView.swift */,
				185CC13421660CAB0034E287 /* CustomAlertViewDelegate.swift */,
			);
			path = CustomPopupsController;
			sourceTree = "<group>";
		};
		18A58457219D597000DC088F /* Source */ = {
			isa = PBXGroup;
			children = (
				18A58458219D598600DC088F /* SwiftyStarRatingView.swift */,
			);
			path = Source;
			sourceTree = "<group>";
		};
		18CB3B5B213FEE070008D6F0 = {
			isa = PBXGroup;
			children = (
				18CB3B66213FEE070008D6F0 /* Maidpicker */,
				18CB3B65213FEE070008D6F0 /* Products */,
				D5B8844D373B3E07318430F9 /* Pods */,
				25495AFC4064C731CCAEAA92 /* Frameworks */,
			);
			sourceTree = "<group>";
		};
		18CB3B65213FEE070008D6F0 /* Products */ = {
			isa = PBXGroup;
			children = (
				18CB3B64213FEE070008D6F0 /* Maidpicker.app */,
			);
			name = Products;
			sourceTree = "<group>";
		};
		18CB3B66213FEE070008D6F0 /* Maidpicker */ = {
			isa = PBXGroup;
			children = (
				18A5845A219D89BB00DC088F /* Maidpicker.entitlements */,
				18A58457219D597000DC088F /* Source */,
				1866868A21426E3800194B4D /* AuthServices */,
				1866868B21426E4300194B4D /* Constants */,
				1815693421737C7C00E1A108 /* RealmFiles */,
				1840EF8C219EE31C0058C50E /* CustomCells */,
				18668690214283F500194B4D /* Model */,
				187472B4214BCA0F00F3F6AE /* View */,
				18A413A2216DE4E000A2EA8D /* CustomPopupsController */,
				1833E5BA21415297006FACAC /* Controllers */,
				181F24002178AB64001F31CF /* ControllersServiceProvider */,
				180C0156215135E3009DA3C1 /* Storyboards */,
				181F23F52178A7E4001F31CF /* ServiceProviderStoryboards */,
				18CB3B6B213FEE070008D6F0 /* Main.storyboard */,
				18CB3B6E213FEE090008D6F0 /* Assets.xcassets */,
				18CB3B70213FEE090008D6F0 /* LaunchScreen.storyboard */,
				18CB3B73213FEE090008D6F0 /* Info.plist */,
				18A5845B219D8A8600DC088F /* GoogleService-Info.plist */,
				18CB3B67213FEE070008D6F0 /* AppDelegate.swift */,
				1833E5B921415285006FACAC /* Fonts */,
			);
			path = Maidpicker;
			sourceTree = "<group>";
		};
		25495AFC4064C731CCAEAA92 /* Frameworks */ = {
			isa = PBXGroup;
			children = (
				CEB9676F5EF3F5EE9F632FFF /* Pods_Maidpicker.framework */,
			);
			name = Frameworks;
			sourceTree = "<group>";
		};
		D5B8844D373B3E07318430F9 /* Pods */ = {
			isa = PBXGroup;
			children = (
				B71F5400F41A99EBB6D159F0 /* Pods-Maidpicker.debug.xcconfig */,
				2E3043A7FCD70FC4EFEA6D50 /* Pods-Maidpicker.release.xcconfig */,
			);
			name = Pods;
			sourceTree = "<group>";
		};
/* End PBXGroup section */

/* Begin PBXNativeTarget section */
		18CB3B63213FEE070008D6F0 /* Maidpicker */ = {
			isa = PBXNativeTarget;
			buildConfigurationList = 18CB3B76213FEE090008D6F0 /* Build configuration list for PBXNativeTarget "Maidpicker" */;
			buildPhases = (
				E79FAD09E5C3902D21E10A8A /* [CP] Check Pods Manifest.lock */,
				18CB3B60213FEE070008D6F0 /* Sources */,
				18CB3B61213FEE070008D6F0 /* Frameworks */,
				18CB3B62213FEE070008D6F0 /* Resources */,
				76275209628398B018AA87BB /* [CP] Embed Pods Frameworks */,
				03FCB7AFBD24D99F2FBEE30A /* [CP] Copy Pods Resources */,
			);
			buildRules = (
			);
			dependencies = (
			);
			name = Maidpicker;
			productName = Maidpicker;
			productReference = 18CB3B64213FEE070008D6F0 /* Maidpicker.app */;
			productType = "com.apple.product-type.application";
		};
/* End PBXNativeTarget section */

/* Begin PBXProject section */
		18CB3B5C213FEE070008D6F0 /* Project object */ = {
			isa = PBXProject;
			attributes = {
				LastSwiftUpdateCheck = 0940;
				LastUpgradeCheck = 0940;
				ORGANIZATIONNAME = devstop;
				TargetAttributes = {
					18CB3B63213FEE070008D6F0 = {
						CreatedOnToolsVersion = 9.4.1;
						SystemCapabilities = {
							com.apple.BackgroundModes = {
								enabled = 1;
							};
							com.apple.Push = {
								enabled = 1;
							};
						};
					};
				};
			};
			buildConfigurationList = 18CB3B5F213FEE070008D6F0 /* Build configuration list for PBXProject "Maidpicker" */;
			compatibilityVersion = "Xcode 9.3";
			developmentRegion = en;
			hasScannedForEncodings = 0;
			knownRegions = (
				en,
				Base,
			);
			mainGroup = 18CB3B5B213FEE070008D6F0;
			productRefGroup = 18CB3B65213FEE070008D6F0 /* Products */;
			projectDirPath = "";
			projectRoot = "";
			targets = (
				18CB3B63213FEE070008D6F0 /* Maidpicker */,
			);
		};
/* End PBXProject section */

/* Begin PBXResourcesBuildPhase section */
		18CB3B62213FEE070008D6F0 /* Resources */ = {
			isa = PBXResourcesBuildPhase;
			buildActionMask = 2147483647;
			files = (
				1833E5C9214153B9006FACAC /* Montserrat-Thin.ttf in Resources */,
				181F23FD2178A875001F31CF /* SPMessages.storyboard in Resources */,
				1833E5C6214153B9006FACAC /* Montserrat-Light.ttf in Resources */,
				18A3F8A32195A2030050B6B6 /* History.storyboard in Resources */,
				181F23F72178A836001F31CF /* SPOngoing.storyboard in Resources */,
				1874B1A2215E0F210020D96B /* Home.storyboard in Resources */,
				180C0158215135FD009DA3C1 /* profiles.storyboard in Resources */,
				18CB3B72213FEE090008D6F0 /* LaunchScreen.storyboard in Resources */,
				1833E5BD214152E4006FACAC /* montserrat.regular.ttf in Resources */,
				18A5845C219D8A8600DC088F /* GoogleService-Info.plist in Resources */,
				181F23FB2178A85B001F31CF /* SPHome.storyboard in Resources */,
				18CB3B6F213FEE090008D6F0 /* Assets.xcassets in Resources */,
				1833E5C8214153B9006FACAC /* Montserrat-ExtraLight.ttf in Resources */,
				18CB3B6D213FEE070008D6F0 /* Main.storyboard in Resources */,
				1833E5BE214152E4006FACAC /* montserrat.bold.ttf in Resources */,
				1833E5C7214153B9006FACAC /* Montserrat-SemiBold.ttf in Resources */,
				1833E5CA214153B9006FACAC /* Montserrat-Medium.ttf in Resources */,
				1833E5C5214153B9006FACAC /* Montserrat-Black.ttf in Resources */,
				18A3F8A121959F7B0050B6B6 /* Ongoing.storyboard in Resources */,
				18A3F8A52195A2160050B6B6 /* Messages.storyboard in Resources */,
				181F23FF2178A8B6001F31CF /* SPSetting.storyboard in Resources */,
				181F23F92178A84D001F31CF /* SPHistory.storyboard in Resources */,
			);
			runOnlyForDeploymentPostprocessing = 0;
		};
/* End PBXResourcesBuildPhase section */

/* Begin PBXShellScriptBuildPhase section */
		03FCB7AFBD24D99F2FBEE30A /* [CP] Copy Pods Resources */ = {
			isa = PBXShellScriptBuildPhase;
			buildActionMask = 2147483647;
			files = (
			);
			inputPaths = (
				"${SRCROOT}/Pods/Target Support Files/Pods-Maidpicker/Pods-Maidpicker-resources.sh",
				"${PODS_ROOT}/GoogleMaps/Maps/Frameworks/GoogleMaps.framework/Resources/GoogleMaps.bundle",
				"${PODS_ROOT}/GooglePlaces/Frameworks/GooglePlaces.framework/Resources/GooglePlaces.bundle",
			);
			name = "[CP] Copy Pods Resources";
			outputPaths = (
				"${TARGET_BUILD_DIR}/${UNLOCALIZED_RESOURCES_FOLDER_PATH}/GoogleMaps.bundle",
				"${TARGET_BUILD_DIR}/${UNLOCALIZED_RESOURCES_FOLDER_PATH}/GooglePlaces.bundle",
			);
			runOnlyForDeploymentPostprocessing = 0;
			shellPath = /bin/sh;
			shellScript = "\"${SRCROOT}/Pods/Target Support Files/Pods-Maidpicker/Pods-Maidpicker-resources.sh\"\n";
			showEnvVarsInLog = 0;
		};
		76275209628398B018AA87BB /* [CP] Embed Pods Frameworks */ = {
			isa = PBXShellScriptBuildPhase;
			buildActionMask = 2147483647;
			files = (
			);
			inputPaths = (
				"${SRCROOT}/Pods/Target Support Files/Pods-Maidpicker/Pods-Maidpicker-frameworks.sh",
				"${BUILT_PRODUCTS_DIR}/AWSCore/AWSCore.framework",
				"${BUILT_PRODUCTS_DIR}/AWSS3/AWSS3.framework",
				"${BUILT_PRODUCTS_DIR}/Alamofire/Alamofire.framework",
				"${BUILT_PRODUCTS_DIR}/DropDown/DropDown.framework",
				"${BUILT_PRODUCTS_DIR}/GoogleToolboxForMac/GoogleToolboxForMac.framework",
				"${BUILT_PRODUCTS_DIR}/JTAppleCalendar/JTAppleCalendar.framework",
				"${BUILT_PRODUCTS_DIR}/Protobuf/Protobuf.framework",
				"${BUILT_PRODUCTS_DIR}/SwiftyJSON/SwiftyJSON.framework",
				"${BUILT_PRODUCTS_DIR}/ValidationComponents/ValidationComponents.framework",
				"${BUILT_PRODUCTS_DIR}/ValidationToolkit/ValidationToolkit.framework",
				"${BUILT_PRODUCTS_DIR}/nanopb/nanopb.framework",
			);
			name = "[CP] Embed Pods Frameworks";
			outputPaths = (
				"${TARGET_BUILD_DIR}/${FRAMEWORKS_FOLDER_PATH}/AWSCore.framework",
				"${TARGET_BUILD_DIR}/${FRAMEWORKS_FOLDER_PATH}/AWSS3.framework",
				"${TARGET_BUILD_DIR}/${FRAMEWORKS_FOLDER_PATH}/Alamofire.framework",
				"${TARGET_BUILD_DIR}/${FRAMEWORKS_FOLDER_PATH}/DropDown.framework",
				"${TARGET_BUILD_DIR}/${FRAMEWORKS_FOLDER_PATH}/GoogleToolboxForMac.framework",
				"${TARGET_BUILD_DIR}/${FRAMEWORKS_FOLDER_PATH}/JTAppleCalendar.framework",
				"${TARGET_BUILD_DIR}/${FRAMEWORKS_FOLDER_PATH}/Protobuf.framework",
				"${TARGET_BUILD_DIR}/${FRAMEWORKS_FOLDER_PATH}/SwiftyJSON.framework",
				"${TARGET_BUILD_DIR}/${FRAMEWORKS_FOLDER_PATH}/ValidationComponents.framework",
				"${TARGET_BUILD_DIR}/${FRAMEWORKS_FOLDER_PATH}/ValidationToolkit.framework",
				"${TARGET_BUILD_DIR}/${FRAMEWORKS_FOLDER_PATH}/nanopb.framework",
			);
			runOnlyForDeploymentPostprocessing = 0;
			shellPath = /bin/sh;
			shellScript = "\"${SRCROOT}/Pods/Target Support Files/Pods-Maidpicker/Pods-Maidpicker-frameworks.sh\"\n";
			showEnvVarsInLog = 0;
		};
		E79FAD09E5C3902D21E10A8A /* [CP] Check Pods Manifest.lock */ = {
			isa = PBXShellScriptBuildPhase;
			buildActionMask = 2147483647;
			files = (
			);
			inputPaths = (
				"${PODS_PODFILE_DIR_PATH}/Podfile.lock",
				"${PODS_ROOT}/Manifest.lock",
			);
			name = "[CP] Check Pods Manifest.lock";
			outputPaths = (
				"$(DERIVED_FILE_DIR)/Pods-Maidpicker-checkManifestLockResult.txt",
			);
			runOnlyForDeploymentPostprocessing = 0;
			shellPath = /bin/sh;
			shellScript = "diff \"${PODS_PODFILE_DIR_PATH}/Podfile.lock\" \"${PODS_ROOT}/Manifest.lock\" > /dev/null\nif [ $? != 0 ] ; then\n    # print error to STDERR\n    echo \"error: The sandbox is not in sync with the Podfile.lock. Run 'pod install' or update your CocoaPods installation.\" >&2\n    exit 1\nfi\n# This output is used by Xcode 'outputs' to avoid re-running this script phase.\necho \"SUCCESS\" > \"${SCRIPT_OUTPUT_FILE_0}\"\n";
			showEnvVarsInLog = 0;
		};
/* End PBXShellScriptBuildPhase section */

/* Begin PBXSourcesBuildPhase section */
		18CB3B60213FEE070008D6F0 /* Sources */ = {
			isa = PBXSourcesBuildPhase;
			buildActionMask = 2147483647;
			files = (
				1815693621737C9800E1A108 /* RealmObject.swift in Sources */,
				18F0126721A7E6E0001D12D5 /* ServiceProviderHomeMain.swift in Sources */,
				18AED721217F14A200F98B2C /* ServiceProviderLogin.swift in Sources */,
				18AED2D32177707D00D1E616 /* Home_SpecialServicesMainVC.swift in Sources */,
				185CC13321660C140034E287 /* CustomAlertView.swift in Sources */,
				181F24022178ABC5001F31CF /* ServiceProvidertabBarVC.swift in Sources */,
				1894F30B21902E040050842D /* Home_SpecialServicesPhotosVC.swift in Sources */,
				18F0126D21A81302001D12D5 /* ServiceProviderHomeBidModel.swift in Sources */,
				18663410218707CA008F8770 /* ServiceProviderProfileMain.swift in Sources */,
				189731A0216B77060034963F /* Address_RoomsDetail.swift in Sources */,
				180A2C4B21919AEA00FDDB44 /* ExtraModel.swift in Sources */,
				180426492175E6E000154B0B /* Home_ExtrasVC.swift in Sources */,
				18AED723217F16ED00F98B2C /* ServiceProvderUser.swift in Sources */,
				18F0126F21A81D70001D12D5 /* ServiceProvider_BidDetail.swift in Sources */,
				18900360219AE33F00D23FC8 /* BiddingDataModel.swift in Sources */,
				1866868D2142824100194B4D /* Constants.swift in Sources */,
				18CB3B6A213FEE070008D6F0 /* ViewController.swift in Sources */,
				18CB3B68213FEE070008D6F0 /* AppDelegate.swift in Sources */,
				1866868F2142837F00194B4D /* AuthServices.swift in Sources */,
				180C015521512564009DA3C1 /* tabBarViewController.swift in Sources */,
				189731A4216B7BEB0034963F /* TaskSizeTVC.swift in Sources */,
				187009DF216C9F1A0008680D /* Home_When_MainVC.swift in Sources */,
				187009E5216D04B20008680D /* CustomPopupSliderView copy.swift in Sources */,
				18F20385216210EB00A4E1C9 /* Home_TaskSizeVC.swift in Sources */,
				186686922142841D00194B4D /* User.swift in Sources */,
				18331F3C2152385F005A265B /* SettingCenterViewController.swift in Sources */,
				182C4662215E60B30041F123 /* CustomView.swift in Sources */,
				185CC13521660CAB0034E287 /* CustomAlertViewDelegate.swift in Sources */,
				18AED71F217F149000F98B2C /* ServiceProviderSignup.swift in Sources */,
				18C2641B21A695210006B902 /* offersDataModel.swift in Sources */,
				1885EECD2174905F008A6DEA /* Home_HowOftenVC.swift in Sources */,
				18A58459219D598600DC088F /* SwiftyStarRatingView.swift in Sources */,
				186634122187364B008F8770 /* ChooseProviderTVC.swift in Sources */,
				18BD1395219309DD0078AF15 /* TaskSizeModel.swift in Sources */,
				189731A2216B775F0034963F /* AddressArray.swift in Sources */,
				187EE8922181E0F0006FFAB6 /* SP_profile_updateVC.swift in Sources */,
				1835234F215F79B2001FB353 /* CustomCalenderCell.swift in Sources */,
				1890035E219AAB2E00D23FC8 /* ongoingTVC.swift in Sources */,
				189731A6216B7C550034963F /* Home_TaskAddressVC.swift in Sources */,
				180C015A21513F74009DA3C1 /* ProfileMainViewController.swift in Sources */,
				18A8211F21635F69003501C6 /* CustomPicturesCollectioncell.swift in Sources */,
				1899AF5321A2CBB300DA5704 /* Notification_MessagesVC.swift in Sources */,
				182E648B215CCCB400A729D1 /* LocationAddTVC.swift in Sources */,
				1866341421873806008F8770 /* ChooseProvider.swift in Sources */,
				1804264C2175FD1100154B0B /* HowOftenModel.swift in Sources */,
				18331F40215238C3005A265B /* PasswordSettingVC.swift in Sources */,
				18AE8335219424130099CBDC /* SpecialServiceModel.swift in Sources */,
				1898B2272170BB5E00CDA70E /* RoomDetails.swift in Sources */,
				189F7D63214FADDE0076D12B /* HomeViewController.swift in Sources */,
				18F0126921A8017A001D12D5 /* ServiceProviderHome_Bid.swift in Sources */,
				187009E1216CA31E0008680D /* TimeModel.swift in Sources */,
				1822E83021A2CE9500E3B617 /* notificationTVC.swift in Sources */,
				18C2641721A68C0E0006B902 /* Ongoing_Request_OffersVC.swift in Sources */,
				18C2641921A68D710006B902 /* ongoing_request_offersCell.swift in Sources */,
				18A413A4216E286700A2EA8D /* WhenModel.swift in Sources */,
				1832C5DD2153901700315A53 /* MapsViewController.swift in Sources */,
				1890035C219AA7BB00D23FC8 /* OngoingVC.swift in Sources */,
				1866868721426A7900194B4D /* LoginSignUpPageVC.swift in Sources */,
				185CC13721660DA00034E287 /* UIButton+Border.swift in Sources */,
				1866868921426AFD00194B4D /* RegistrationVC.swift in Sources */,
				18F0126B21A803CC001D12D5 /* SPbids_cell.swift in Sources */,
				1826E57721885616005B5CBA /* ServicesVC.swift in Sources */,
				18331F4221523979005A265B /* AddressOfServiceVC.swift in Sources */,
				18352351215F7C27001FB353 /* Home_When_Future_VC.swift in Sources */,
				18AED2D52177729300D1E616 /* SpecialServicesCVCell.swift in Sources */,
				183B1F89219C34F600D72AF0 /* ChooseProviderModel.swift in Sources */,
				18A3F89F219565890050B6B6 /* SetPriceVC.swift in Sources */,
				1869A5D121833BF10064D7DA /* ServiceProviderSettingVC.swift in Sources */,
				187472B6214BCA4700F3F6AE /* DesignableTextFields.swift in Sources */,
				18331F44215242EF005A265B /* Extras.swift in Sources */,
				18331F3E215238B0005A265B /* ProfileSettingVC.swift in Sources */,
			);
			runOnlyForDeploymentPostprocessing = 0;
		};
/* End PBXSourcesBuildPhase section */

/* Begin PBXVariantGroup section */
		18CB3B6B213FEE070008D6F0 /* Main.storyboard */ = {
			isa = PBXVariantGroup;
			children = (
				18CB3B6C213FEE070008D6F0 /* Base */,
			);
			name = Main.storyboard;
			sourceTree = "<group>";
		};
		18CB3B70213FEE090008D6F0 /* LaunchScreen.storyboard */ = {
			isa = PBXVariantGroup;
			children = (
				18CB3B71213FEE090008D6F0 /* Base */,
			);
			name = LaunchScreen.storyboard;
			sourceTree = "<group>";
		};
/* End PBXVariantGroup section */

/* Begin XCBuildConfiguration section */
		18CB3B74213FEE090008D6F0 /* Debug */ = {
			isa = XCBuildConfiguration;
			buildSettings = {
				ALWAYS_SEARCH_USER_PATHS = NO;
				CLANG_ANALYZER_NONNULL = YES;
				CLANG_ANALYZER_NUMBER_OBJECT_CONVERSION = YES_AGGRESSIVE;
				CLANG_CXX_LANGUAGE_STANDARD = "gnu++14";
				CLANG_CXX_LIBRARY = "libc++";
				CLANG_ENABLE_MODULES = YES;
				CLANG_ENABLE_OBJC_ARC = YES;
				CLANG_ENABLE_OBJC_WEAK = YES;
				CLANG_WARN_BLOCK_CAPTURE_AUTORELEASING = YES;
				CLANG_WARN_BOOL_CONVERSION = YES;
				CLANG_WARN_COMMA = YES;
				CLANG_WARN_CONSTANT_CONVERSION = YES;
				CLANG_WARN_DEPRECATED_OBJC_IMPLEMENTATIONS = YES;
				CLANG_WARN_DIRECT_OBJC_ISA_USAGE = YES_ERROR;
				CLANG_WARN_DOCUMENTATION_COMMENTS = YES;
				CLANG_WARN_EMPTY_BODY = YES;
				CLANG_WARN_ENUM_CONVERSION = YES;
				CLANG_WARN_INFINITE_RECURSION = YES;
				CLANG_WARN_INT_CONVERSION = YES;
				CLANG_WARN_NON_LITERAL_NULL_CONVERSION = YES;
				CLANG_WARN_OBJC_IMPLICIT_RETAIN_SELF = YES;
				CLANG_WARN_OBJC_LITERAL_CONVERSION = YES;
				CLANG_WARN_OBJC_ROOT_CLASS = YES_ERROR;
				CLANG_WARN_RANGE_LOOP_ANALYSIS = YES;
				CLANG_WARN_STRICT_PROTOTYPES = YES;
				CLANG_WARN_SUSPICIOUS_MOVE = YES;
				CLANG_WARN_UNGUARDED_AVAILABILITY = YES_AGGRESSIVE;
				CLANG_WARN_UNREACHABLE_CODE = YES;
				CLANG_WARN__DUPLICATE_METHOD_MATCH = YES;
				CODE_SIGN_IDENTITY = "iPhone Developer";
				COPY_PHASE_STRIP = NO;
				DEBUG_INFORMATION_FORMAT = dwarf;
				ENABLE_STRICT_OBJC_MSGSEND = YES;
				ENABLE_TESTABILITY = YES;
				GCC_C_LANGUAGE_STANDARD = gnu11;
				GCC_DYNAMIC_NO_PIC = NO;
				GCC_NO_COMMON_BLOCKS = YES;
				GCC_OPTIMIZATION_LEVEL = 0;
				GCC_PREPROCESSOR_DEFINITIONS = (
					"DEBUG=1",
					"$(inherited)",
				);
				GCC_WARN_64_TO_32_BIT_CONVERSION = YES;
				GCC_WARN_ABOUT_RETURN_TYPE = YES_ERROR;
				GCC_WARN_UNDECLARED_SELECTOR = YES;
				GCC_WARN_UNINITIALIZED_AUTOS = YES_AGGRESSIVE;
				GCC_WARN_UNUSED_FUNCTION = YES;
				GCC_WARN_UNUSED_VARIABLE = YES;
				IPHONEOS_DEPLOYMENT_TARGET = 11.4;
				MTL_ENABLE_DEBUG_INFO = YES;
				ONLY_ACTIVE_ARCH = YES;
				SDKROOT = iphoneos;
				SWIFT_ACTIVE_COMPILATION_CONDITIONS = DEBUG;
				SWIFT_OPTIMIZATION_LEVEL = "-Onone";
			};
			name = Debug;
		};
		18CB3B75213FEE090008D6F0 /* Release */ = {
			isa = XCBuildConfiguration;
			buildSettings = {
				ALWAYS_SEARCH_USER_PATHS = NO;
				CLANG_ANALYZER_NONNULL = YES;
				CLANG_ANALYZER_NUMBER_OBJECT_CONVERSION = YES_AGGRESSIVE;
				CLANG_CXX_LANGUAGE_STANDARD = "gnu++14";
				CLANG_CXX_LIBRARY = "libc++";
				CLANG_ENABLE_MODULES = YES;
				CLANG_ENABLE_OBJC_ARC = YES;
				CLANG_ENABLE_OBJC_WEAK = YES;
				CLANG_WARN_BLOCK_CAPTURE_AUTORELEASING = YES;
				CLANG_WARN_BOOL_CONVERSION = YES;
				CLANG_WARN_COMMA = YES;
				CLANG_WARN_CONSTANT_CONVERSION = YES;
				CLANG_WARN_DEPRECATED_OBJC_IMPLEMENTATIONS = YES;
				CLANG_WARN_DIRECT_OBJC_ISA_USAGE = YES_ERROR;
				CLANG_WARN_DOCUMENTATION_COMMENTS = YES;
				CLANG_WARN_EMPTY_BODY = YES;
				CLANG_WARN_ENUM_CONVERSION = YES;
				CLANG_WARN_INFINITE_RECURSION = YES;
				CLANG_WARN_INT_CONVERSION = YES;
				CLANG_WARN_NON_LITERAL_NULL_CONVERSION = YES;
				CLANG_WARN_OBJC_IMPLICIT_RETAIN_SELF = YES;
				CLANG_WARN_OBJC_LITERAL_CONVERSION = YES;
				CLANG_WARN_OBJC_ROOT_CLASS = YES_ERROR;
				CLANG_WARN_RANGE_LOOP_ANALYSIS = YES;
				CLANG_WARN_STRICT_PROTOTYPES = YES;
				CLANG_WARN_SUSPICIOUS_MOVE = YES;
				CLANG_WARN_UNGUARDED_AVAILABILITY = YES_AGGRESSIVE;
				CLANG_WARN_UNREACHABLE_CODE = YES;
				CLANG_WARN__DUPLICATE_METHOD_MATCH = YES;
				CODE_SIGN_IDENTITY = "iPhone Developer";
				COPY_PHASE_STRIP = NO;
				DEBUG_INFORMATION_FORMAT = "dwarf-with-dsym";
				ENABLE_NS_ASSERTIONS = NO;
				ENABLE_STRICT_OBJC_MSGSEND = YES;
				GCC_C_LANGUAGE_STANDARD = gnu11;
				GCC_NO_COMMON_BLOCKS = YES;
				GCC_WARN_64_TO_32_BIT_CONVERSION = YES;
				GCC_WARN_ABOUT_RETURN_TYPE = YES_ERROR;
				GCC_WARN_UNDECLARED_SELECTOR = YES;
				GCC_WARN_UNINITIALIZED_AUTOS = YES_AGGRESSIVE;
				GCC_WARN_UNUSED_FUNCTION = YES;
				GCC_WARN_UNUSED_VARIABLE = YES;
				IPHONEOS_DEPLOYMENT_TARGET = 11.4;
				MTL_ENABLE_DEBUG_INFO = NO;
				SDKROOT = iphoneos;
				SWIFT_COMPILATION_MODE = wholemodule;
				SWIFT_OPTIMIZATION_LEVEL = "-O";
				VALIDATE_PRODUCT = YES;
			};
			name = Release;
		};
		18CB3B77213FEE090008D6F0 /* Debug */ = {
			isa = XCBuildConfiguration;
			baseConfigurationReference = B71F5400F41A99EBB6D159F0 /* Pods-Maidpicker.debug.xcconfig */;
			buildSettings = {
				ASSETCATALOG_COMPILER_APPICON_NAME = AppIcon;
				CODE_SIGN_ENTITLEMENTS = Maidpicker/Maidpicker.entitlements;
				CODE_SIGN_STYLE = Automatic;
				DEVELOPMENT_TEAM = GXW7DDW8B6;
				INFOPLIST_FILE = Maidpicker/Info.plist;
				LD_RUNPATH_SEARCH_PATHS = (
					"$(inherited)",
					"@executable_path/Frameworks",
				);
				PRODUCT_BUNDLE_IDENTIFIER = com.devstop.Maidpicker;
				PRODUCT_NAME = "$(TARGET_NAME)";
				SWIFT_VERSION = 4.0;
				TARGETED_DEVICE_FAMILY = "1,2";
			};
			name = Debug;
		};
		18CB3B78213FEE090008D6F0 /* Release */ = {
			isa = XCBuildConfiguration;
			baseConfigurationReference = 2E3043A7FCD70FC4EFEA6D50 /* Pods-Maidpicker.release.xcconfig */;
			buildSettings = {
				ASSETCATALOG_COMPILER_APPICON_NAME = AppIcon;
				CODE_SIGN_ENTITLEMENTS = Maidpicker/Maidpicker.entitlements;
				CODE_SIGN_STYLE = Automatic;
				DEVELOPMENT_TEAM = GXW7DDW8B6;
				INFOPLIST_FILE = Maidpicker/Info.plist;
				LD_RUNPATH_SEARCH_PATHS = (
					"$(inherited)",
					"@executable_path/Frameworks",
				);
				PRODUCT_BUNDLE_IDENTIFIER = com.devstop.Maidpicker;
				PRODUCT_NAME = "$(TARGET_NAME)";
				SWIFT_VERSION = 4.0;
				TARGETED_DEVICE_FAMILY = "1,2";
			};
			name = Release;
		};
/* End XCBuildConfiguration section */

/* Begin XCConfigurationList section */
		18CB3B5F213FEE070008D6F0 /* Build configuration list for PBXProject "Maidpicker" */ = {
			isa = XCConfigurationList;
			buildConfigurations = (
				18CB3B74213FEE090008D6F0 /* Debug */,
				18CB3B75213FEE090008D6F0 /* Release */,
			);
			defaultConfigurationIsVisible = 0;
			defaultConfigurationName = Release;
		};
		18CB3B76213FEE090008D6F0 /* Build configuration list for PBXNativeTarget "Maidpicker" */ = {
			isa = XCConfigurationList;
			buildConfigurations = (
				18CB3B77213FEE090008D6F0 /* Debug */,
				18CB3B78213FEE090008D6F0 /* Release */,
			);
			defaultConfigurationIsVisible = 0;
			defaultConfigurationName = Release;
		};
/* End XCConfigurationList section */
	};
	rootObject = 18CB3B5C213FEE070008D6F0 /* Project object */;
}
